
Microsoft Visual Studio Solution File, Format Version 12.00
# Visual Studio 14
VisualStudioVersion = 14.0.25123.0
MinimumVisualStudioVersion = 10.0.40219.1
Project("{FAE04EC0-301F-11D3-BF4B-00C04F79EFBC}") = "01. Remove Negatives and Reverse", "ConsoleApplication1\01. Remove Negatives and Reverse.csproj", "{FC82DB69-05F2-44C1-AF97-75FDDAD34EC2}"
EndProject
Project("{FAE04EC0-301F-11D3-BF4B-00C04F79EFBC}") = "01. Remove Negatives and Reverse 1", "01. Remove Negatives and Reverse 1\01. Remove Negatives and Reverse 1.csproj", "{5B940053-0444-4079-942A-8FDF675BA545}"
EndProject
Project("{FAE04EC0-301F-11D3-BF4B-00C04F79EFBC}") = "02. Append Lists", "02. Append Lists\02. Append Lists.csproj", "{18708581-3117-41E0-BC93-D5AE05392299}"
EndProject
Project("{FAE04EC0-301F-11D3-BF4B-00C04F79EFBC}") = "03. Sum Adjacent Equal Numbers", "03. Sum Adjacent Equal Numbers\03. Sum Adjacent Equal Numbers.csproj", "{E4960225-21F4-471F-8A81-F1024268FFBD}"
EndProject
Project("{FAE04EC0-301F-11D3-BF4B-00C04F79EFBC}") = "03. Sum Adjacent Equal Numbers 1", "03. Sum Adjacent Equal Numbers 1\03. Sum Adjacent Equal Numbers 1.csproj", "{6C53627E-FD68-433C-B462-25BC0F98F895}"
EndProject
Project("{FAE04EC0-301F-11D3-BF4B-00C04F79EFBC}") = "04. Split by Word Casing", "04. Split by Word Casing\04. Split by Word Casing.csproj", "{D1B8ACEC-0020-487C-9100-9D00CEA45686}"
EndProject
Project("{FAE04EC0-301F-11D3-BF4B-00C04F79EFBC}") = "05. Sort Numbers", "05. Sort Numbers\05. Sort Numbers.csproj", "{598CF29B-F2F5-47FC-BEFA-30E050FEA955}"
EndProject
Project("{FAE04EC0-301F-11D3-BF4B-00C04F79EFBC}") = "06. Square Numbers", "06. Square Numbers\06. Square Numbers.csproj", "{91CC4EE5-5141-470F-AC44-80B1206BC67B}"
EndProject
Project("{FAE04EC0-301F-11D3-BF4B-00C04F79EFBC}") = "07. Count Numbers", "07. Count Numbers\07. Count Numbers.csproj", "{7FDC6797-8072-4336-88A7-0C590E7C233B}"
EndProject
Project("{FAE04EC0-301F-11D3-BF4B-00C04F79EFBC}") = "08. Matrix of Letters", "08. Matrix of Letters\08. Matrix of Letters.csproj", "{BADB1905-0591-4830-901C-D62671F057F3}"
EndProject
Project("{FAE04EC0-301F-11D3-BF4B-00C04F79EFBC}") = "09. Rotate a Matrix", "09. Rotate a Matrix\09. Rotate a Matrix.csproj", "{F47F34B4-CB6F-49BD-8597-8BDF18018B08}"
EndProject
Global
	GlobalSection(SolutionConfigurationPlatforms) = preSolution
		Debug|Any CPU = Debug|Any CPU
		Release|Any CPU = Release|Any CPU
	EndGlobalSection
	GlobalSection(ProjectConfigurationPlatforms) = postSolution
		{FC82DB69-05F2-44C1-AF97-75FDDAD34EC2}.Debug|Any CPU.ActiveCfg = Debug|Any CPU
		{FC82DB69-05F2-44C1-AF97-75FDDAD34EC2}.Debug|Any CPU.Build.0 = Debug|Any CPU
		{FC82DB69-05F2-44C1-AF97-75FDDAD34EC2}.Release|Any CPU.ActiveCfg = Release|Any CPU
		{FC82DB69-05F2-44C1-AF97-75FDDAD34EC2}.Release|Any CPU.Build.0 = Release|Any CPU
		{5B940053-0444-4079-942A-8FDF675BA545}.Debug|Any CPU.ActiveCfg = Debug|Any CPU
		{5B940053-0444-4079-942A-8FDF675BA545}.Debug|Any CPU.Build.0 = Debug|Any CPU
		{5B940053-0444-4079-942A-8FDF675BA545}.Release|Any CPU.ActiveCfg = Release|Any CPU
		{5B940053-0444-4079-942A-8FDF675BA545}.Release|Any CPU.Build.0 = Release|Any CPU
		{18708581-3117-41E0-BC93-D5AE05392299}.Debug|Any CPU.ActiveCfg = Debug|Any CPU
		{18708581-3117-41E0-BC93-D5AE05392299}.Debug|Any CPU.Build.0 = Debug|Any CPU
		{18708581-3117-41E0-BC93-D5AE05392299}.Release|Any CPU.ActiveCfg = Release|Any CPU
		{18708581-3117-41E0-BC93-D5AE05392299}.Release|Any CPU.Build.0 = Release|Any CPU
		{E4960225-21F4-471F-8A81-F1024268FFBD}.Debug|Any CPU.ActiveCfg = Debug|Any CPU
		{E4960225-21F4-471F-8A81-F1024268FFBD}.Debug|Any CPU.Build.0 = Debug|Any CPU
		{E4960225-21F4-471F-8A81-F1024268FFBD}.Release|Any CPU.ActiveCfg = Release|Any CPU
		{E4960225-21F4-471F-8A81-F1024268FFBD}.Release|Any CPU.Build.0 = Release|Any CPU
		{6C53627E-FD68-433C-B462-25BC0F98F895}.Debug|Any CPU.ActiveCfg = Debug|Any CPU
		{6C53627E-FD68-433C-B462-25BC0F98F895}.Debug|Any CPU.Build.0 = Debug|Any CPU
		{6C53627E-FD68-433C-B462-25BC0F98F895}.Release|Any CPU.ActiveCfg = Release|Any CPU
		{6C53627E-FD68-433C-B462-25BC0F98F895}.Release|Any CPU.Build.0 = Release|Any CPU
		{D1B8ACEC-0020-487C-9100-9D00CEA45686}.Debug|Any CPU.ActiveCfg = Debug|Any CPU
		{D1B8ACEC-0020-487C-9100-9D00CEA45686}.Debug|Any CPU.Build.0 = Debug|Any CPU
		{D1B8ACEC-0020-487C-9100-9D00CEA45686}.Release|Any CPU.ActiveCfg = Release|Any CPU
		{D1B8ACEC-0020-487C-9100-9D00CEA45686}.Release|Any CPU.Build.0 = Release|Any CPU
		{598CF29B-F2F5-47FC-BEFA-30E050FEA955}.Debug|Any CPU.ActiveCfg = Debug|Any CPU
		{598CF29B-F2F5-47FC-BEFA-30E050FEA955}.Debug|Any CPU.Build.0 = Debug|Any CPU
		{598CF29B-F2F5-47FC-BEFA-30E050FEA955}.Release|Any CPU.ActiveCfg = Release|Any CPU
		{598CF29B-F2F5-47FC-BEFA-30E050FEA955}.Release|Any CPU.Build.0 = Release|Any CPU
		{91CC4EE5-5141-470F-AC44-80B1206BC67B}.Debug|Any CPU.ActiveCfg = Debug|Any CPU
		{91CC4EE5-5141-470F-AC44-80B1206BC67B}.Debug|Any CPU.Build.0 = Debug|Any CPU
		{91CC4EE5-5141-470F-AC44-80B1206BC67B}.Release|Any CPU.ActiveCfg = Release|Any CPU
		{91CC4EE5-5141-470F-AC44-80B1206BC67B}.Release|Any CPU.Build.0 = Release|Any CPU
		{7FDC6797-8072-4336-88A7-0C590E7C233B}.Debug|Any CPU.ActiveCfg = Debug|Any CPU
		{7FDC6797-8072-4336-88A7-0C590E7C233B}.Debug|Any CPU.Build.0 = Debug|Any CPU
		{7FDC6797-8072-4336-88A7-0C590E7C233B}.Release|Any CPU.ActiveCfg = Release|Any CPU
		{7FDC6797-8072-4336-88A7-0C590E7C233B}.Release|Any CPU.Build.0 = Release|Any CPU
		{BADB1905-0591-4830-901C-D62671F057F3}.Debug|Any CPU.ActiveCfg = Debug|Any CPU
		{BADB1905-0591-4830-901C-D62671F057F3}.Debug|Any CPU.Build.0 = Debug|Any CPU
		{BADB1905-0591-4830-901C-D62671F057F3}.Release|Any CPU.ActiveCfg = Release|Any CPU
		{BADB1905-0591-4830-901C-D62671F057F3}.Release|Any CPU.Build.0 = Release|Any CPU
		{F47F34B4-CB6F-49BD-8597-8BDF18018B08}.Debug|Any CPU.ActiveCfg = Debug|Any CPU
		{F47F34B4-CB6F-49BD-8597-8BDF18018B08}.Debug|Any CPU.Build.0 = Debug|Any CPU
		{F47F34B4-CB6F-49BD-8597-8BDF18018B08}.Release|Any CPU.ActiveCfg = Release|Any CPU
		{F47F34B4-CB6F-49BD-8597-8BDF18018B08}.Release|Any CPU.Build.0 = Release|Any CPU
	EndGlobalSection
	GlobalSection(SolutionProperties) = preSolution
		HideSolutionNode = FALSE
	EndGlobalSection
EndGlobal
