
Microsoft Visual Studio Solution File, Format Version 12.00
# Visual Studio 14
VisualStudioVersion = 14.0.25123.0
MinimumVisualStudioVersion = 10.0.40219.1
Project("{FAE04EC0-301F-11D3-BF4B-00C04F79EFBC}") = "English Name Of The Last Digit", "English Name Of The Last Digit\English Name Of The Last Digit.csproj", "{66D0507D-7A54-4203-97DE-A1799DA3900A}"
EndProject
Project("{FAE04EC0-301F-11D3-BF4B-00C04F79EFBC}") = "NameOfTheLastDigit1", "NameOfTheLastDigit1\NameOfTheLastDigit1.csproj", "{1925AA97-9417-4B0D-BB87-848B628888CF}"
EndProject
Project("{FAE04EC0-301F-11D3-BF4B-00C04F79EFBC}") = "1.Practice Integer Numbers", "1.Practice Integer Numbers\1.Practice Integer Numbers.csproj", "{4F456648-D96A-4C74-88DE-65F86CFC533B}"
EndProject
Project("{FAE04EC0-301F-11D3-BF4B-00C04F79EFBC}") = "02. Practice Floating Points", "02. Practice Floating Points\02. Practice Floating Points.csproj", "{B62638D7-7C26-43F2-887A-A380C0829573}"
EndProject
Project("{FAE04EC0-301F-11D3-BF4B-00C04F79EFBC}") = "03. Practice Chars And Strings", "03. Practice Chars And Strings\03. Practice Chars And Strings.csproj", "{93141110-7533-47E0-ABE5-7724C57E13E0}"
EndProject
Project("{FAE04EC0-301F-11D3-BF4B-00C04F79EFBC}") = "04. Variable in Hex Format", "04. Variable in Hex Format\04. Variable in Hex Format.csproj", "{D47174C0-83DB-43F8-A735-157FE4DA3A6F}"
EndProject
Project("{FAE04EC0-301F-11D3-BF4B-00C04F79EFBC}") = "05. Boolean Variable", "05. Boolean Variable\05. Boolean Variable.csproj", "{6C8CFEC6-BA43-4487-9E9D-B44E30218012}"
EndProject
Project("{FAE04EC0-301F-11D3-BF4B-00C04F79EFBC}") = "06.Strings and Objects", "6.Strings and Objects\06.Strings and Objects.csproj", "{F965A571-0826-4B88-BCB8-C339467EF0F2}"
EndProject
Project("{FAE04EC0-301F-11D3-BF4B-00C04F79EFBC}") = "07. Exchange Variable Values", "07. Exchange Variable Values\07. Exchange Variable Values.csproj", "{5A5FED6A-281B-4AD0-A43D-AB8FE9637131}"
EndProject
Project("{FAE04EC0-301F-11D3-BF4B-00C04F79EFBC}") = "08. Employee Data", "08. Employee Data\08. Employee Data.csproj", "{1F9D9FE0-A274-4B9E-A82B-D466DE6A48C6}"
EndProject
Project("{FAE04EC0-301F-11D3-BF4B-00C04F79EFBC}") = "09. Reversed chars", "09. Reversed chars\09. Reversed chars.csproj", "{207617BF-1FFD-4439-B948-5F38B10BC593}"
EndProject
Project("{FAE04EC0-301F-11D3-BF4B-00C04F79EFBC}") = "10. Centuries to Nanoseconds", "10. Centuries to Nanoseconds\10. Centuries to Nanoseconds.csproj", "{00B209B8-6519-4A98-9766-055767AEFD62}"
EndProject
Project("{FAE04EC0-301F-11D3-BF4B-00C04F79EFBC}") = "Convert Speed Units", "Convert Speed Units\Convert Speed Units.csproj", "{5DE70A72-7FB2-4528-9FB9-EB91F0E380BF}"
EndProject
Project("{FAE04EC0-301F-11D3-BF4B-00C04F79EFBC}") = "12. Rectangle Properties", "12. Rectangle Properties\12. Rectangle Properties.csproj", "{C348B383-8FB7-4D7D-87E5-77523FF74AB0}"
EndProject
Project("{FAE04EC0-301F-11D3-BF4B-00C04F79EFBC}") = "13.Vowel or Digit", "13.Vowel or Digit\13.Vowel or Digit.csproj", "{03B50813-6625-4620-B3CB-39D4D91D1349}"
EndProject
Project("{FAE04EC0-301F-11D3-BF4B-00C04F79EFBC}") = "Integer to Hex and Binary", "Integer to Hex and Binary\Integer to Hex and Binary.csproj", "{3C864203-5758-4E39-AFE3-DB7A33F3633C}"
EndProject
Project("{FAE04EC0-301F-11D3-BF4B-00C04F79EFBC}") = "15. Comparing floats", "15. Comparing floats\15. Comparing floats.csproj", "{365D84AE-2945-4F21-87F3-FCCB83D32217}"
EndProject
Project("{FAE04EC0-301F-11D3-BF4B-00C04F79EFBC}") = "16. Print Part Of ASCII Table", "16. Print Part Of ASCII Table\16. Print Part Of ASCII Table.csproj", "{207E6386-E989-4AEA-B1E7-38983BCE376D}"
EndProject
Project("{FAE04EC0-301F-11D3-BF4B-00C04F79EFBC}") = "17. Different Integers Size", "17. Different Integers Size\17. Different Integers Size.csproj", "{B12C7B62-F1C6-402B-8B15-3A238410CDC5}"
EndProject
Project("{FAE04EC0-301F-11D3-BF4B-00C04F79EFBC}") = "18. Hello, Name!", "18. Hello, Name!\18. Hello, Name!.csproj", "{5DDF722B-4C3A-4D5D-A732-1D02E633474C}"
EndProject
Project("{FAE04EC0-301F-11D3-BF4B-00C04F79EFBC}") = "19. Max Method", "19. Max Method\19. Max Method.csproj", "{8685E7C8-6B1A-4978-BDB3-C188FCB35D18}"
EndProject
Project("{FAE04EC0-301F-11D3-BF4B-00C04F79EFBC}") = "21. Numbers In Reversed Order", "21. Numbers In Reversed Order\21. Numbers In Reversed Order.csproj", "{2402AF1B-6C74-4B12-A9B8-E1D98F262857}"
EndProject
Project("{FAE04EC0-301F-11D3-BF4B-00C04F79EFBC}") = "22.Fibonacci Numbers", "23.Prime Checker\22.Fibonacci Numbers.csproj", "{D475C2D9-DE0B-43C0-9E2D-3BAE46DF34BE}"
EndProject
Project("{FAE04EC0-301F-11D3-BF4B-00C04F79EFBC}") = "23. Prime Checker", "23. Prime Checker\23. Prime Checker.csproj", "{B0299FB1-3316-4E43-B02B-F1AE1FF17695}"
EndProject
Project("{FAE04EC0-301F-11D3-BF4B-00C04F79EFBC}") = "24.Prines in Given Range", "24.Prines in Given Range\24.Prines in Given Range.csproj", "{A2B369F2-B78B-458A-89F6-F17613C7722A}"
EndProject
Project("{FAE04EC0-301F-11D3-BF4B-00C04F79EFBC}") = "25. Master Numbers", "25. Master Numbers\25. Master Numbers.csproj", "{A5D7EEA0-682B-4CAD-BFC9-5DDC2121B9E0}"
EndProject
Project("{FAE04EC0-301F-11D3-BF4B-00C04F79EFBC}") = "Factorial", "Factorial\Factorial.csproj", "{696ECB75-06EF-4C96-B17F-BA4A8CB152D6}"
EndProject
Global
	GlobalSection(SolutionConfigurationPlatforms) = preSolution
		Debug|Any CPU = Debug|Any CPU
		Release|Any CPU = Release|Any CPU
	EndGlobalSection
	GlobalSection(ProjectConfigurationPlatforms) = postSolution
		{66D0507D-7A54-4203-97DE-A1799DA3900A}.Debug|Any CPU.ActiveCfg = Debug|Any CPU
		{66D0507D-7A54-4203-97DE-A1799DA3900A}.Debug|Any CPU.Build.0 = Debug|Any CPU
		{66D0507D-7A54-4203-97DE-A1799DA3900A}.Release|Any CPU.ActiveCfg = Release|Any CPU
		{66D0507D-7A54-4203-97DE-A1799DA3900A}.Release|Any CPU.Build.0 = Release|Any CPU
		{1925AA97-9417-4B0D-BB87-848B628888CF}.Debug|Any CPU.ActiveCfg = Debug|Any CPU
		{1925AA97-9417-4B0D-BB87-848B628888CF}.Debug|Any CPU.Build.0 = Debug|Any CPU
		{1925AA97-9417-4B0D-BB87-848B628888CF}.Release|Any CPU.ActiveCfg = Release|Any CPU
		{1925AA97-9417-4B0D-BB87-848B628888CF}.Release|Any CPU.Build.0 = Release|Any CPU
		{4F456648-D96A-4C74-88DE-65F86CFC533B}.Debug|Any CPU.ActiveCfg = Debug|Any CPU
		{4F456648-D96A-4C74-88DE-65F86CFC533B}.Debug|Any CPU.Build.0 = Debug|Any CPU
		{4F456648-D96A-4C74-88DE-65F86CFC533B}.Release|Any CPU.ActiveCfg = Release|Any CPU
		{4F456648-D96A-4C74-88DE-65F86CFC533B}.Release|Any CPU.Build.0 = Release|Any CPU
		{B62638D7-7C26-43F2-887A-A380C0829573}.Debug|Any CPU.ActiveCfg = Debug|Any CPU
		{B62638D7-7C26-43F2-887A-A380C0829573}.Debug|Any CPU.Build.0 = Debug|Any CPU
		{B62638D7-7C26-43F2-887A-A380C0829573}.Release|Any CPU.ActiveCfg = Release|Any CPU
		{B62638D7-7C26-43F2-887A-A380C0829573}.Release|Any CPU.Build.0 = Release|Any CPU
		{93141110-7533-47E0-ABE5-7724C57E13E0}.Debug|Any CPU.ActiveCfg = Debug|Any CPU
		{93141110-7533-47E0-ABE5-7724C57E13E0}.Debug|Any CPU.Build.0 = Debug|Any CPU
		{93141110-7533-47E0-ABE5-7724C57E13E0}.Release|Any CPU.ActiveCfg = Release|Any CPU
		{93141110-7533-47E0-ABE5-7724C57E13E0}.Release|Any CPU.Build.0 = Release|Any CPU
		{D47174C0-83DB-43F8-A735-157FE4DA3A6F}.Debug|Any CPU.ActiveCfg = Debug|Any CPU
		{D47174C0-83DB-43F8-A735-157FE4DA3A6F}.Debug|Any CPU.Build.0 = Debug|Any CPU
		{D47174C0-83DB-43F8-A735-157FE4DA3A6F}.Release|Any CPU.ActiveCfg = Release|Any CPU
		{D47174C0-83DB-43F8-A735-157FE4DA3A6F}.Release|Any CPU.Build.0 = Release|Any CPU
		{6C8CFEC6-BA43-4487-9E9D-B44E30218012}.Debug|Any CPU.ActiveCfg = Debug|Any CPU
		{6C8CFEC6-BA43-4487-9E9D-B44E30218012}.Debug|Any CPU.Build.0 = Debug|Any CPU
		{6C8CFEC6-BA43-4487-9E9D-B44E30218012}.Release|Any CPU.ActiveCfg = Release|Any CPU
		{6C8CFEC6-BA43-4487-9E9D-B44E30218012}.Release|Any CPU.Build.0 = Release|Any CPU
		{F965A571-0826-4B88-BCB8-C339467EF0F2}.Debug|Any CPU.ActiveCfg = Debug|Any CPU
		{F965A571-0826-4B88-BCB8-C339467EF0F2}.Debug|Any CPU.Build.0 = Debug|Any CPU
		{F965A571-0826-4B88-BCB8-C339467EF0F2}.Release|Any CPU.ActiveCfg = Release|Any CPU
		{F965A571-0826-4B88-BCB8-C339467EF0F2}.Release|Any CPU.Build.0 = Release|Any CPU
		{5A5FED6A-281B-4AD0-A43D-AB8FE9637131}.Debug|Any CPU.ActiveCfg = Debug|Any CPU
		{5A5FED6A-281B-4AD0-A43D-AB8FE9637131}.Debug|Any CPU.Build.0 = Debug|Any CPU
		{5A5FED6A-281B-4AD0-A43D-AB8FE9637131}.Release|Any CPU.ActiveCfg = Release|Any CPU
		{5A5FED6A-281B-4AD0-A43D-AB8FE9637131}.Release|Any CPU.Build.0 = Release|Any CPU
		{1F9D9FE0-A274-4B9E-A82B-D466DE6A48C6}.Debug|Any CPU.ActiveCfg = Debug|Any CPU
		{1F9D9FE0-A274-4B9E-A82B-D466DE6A48C6}.Debug|Any CPU.Build.0 = Debug|Any CPU
		{1F9D9FE0-A274-4B9E-A82B-D466DE6A48C6}.Release|Any CPU.ActiveCfg = Release|Any CPU
		{1F9D9FE0-A274-4B9E-A82B-D466DE6A48C6}.Release|Any CPU.Build.0 = Release|Any CPU
		{207617BF-1FFD-4439-B948-5F38B10BC593}.Debug|Any CPU.ActiveCfg = Debug|Any CPU
		{207617BF-1FFD-4439-B948-5F38B10BC593}.Debug|Any CPU.Build.0 = Debug|Any CPU
		{207617BF-1FFD-4439-B948-5F38B10BC593}.Release|Any CPU.ActiveCfg = Release|Any CPU
		{207617BF-1FFD-4439-B948-5F38B10BC593}.Release|Any CPU.Build.0 = Release|Any CPU
		{00B209B8-6519-4A98-9766-055767AEFD62}.Debug|Any CPU.ActiveCfg = Debug|Any CPU
		{00B209B8-6519-4A98-9766-055767AEFD62}.Debug|Any CPU.Build.0 = Debug|Any CPU
		{00B209B8-6519-4A98-9766-055767AEFD62}.Release|Any CPU.ActiveCfg = Release|Any CPU
		{00B209B8-6519-4A98-9766-055767AEFD62}.Release|Any CPU.Build.0 = Release|Any CPU
		{5DE70A72-7FB2-4528-9FB9-EB91F0E380BF}.Debug|Any CPU.ActiveCfg = Debug|Any CPU
		{5DE70A72-7FB2-4528-9FB9-EB91F0E380BF}.Debug|Any CPU.Build.0 = Debug|Any CPU
		{5DE70A72-7FB2-4528-9FB9-EB91F0E380BF}.Release|Any CPU.ActiveCfg = Release|Any CPU
		{5DE70A72-7FB2-4528-9FB9-EB91F0E380BF}.Release|Any CPU.Build.0 = Release|Any CPU
		{C348B383-8FB7-4D7D-87E5-77523FF74AB0}.Debug|Any CPU.ActiveCfg = Debug|Any CPU
		{C348B383-8FB7-4D7D-87E5-77523FF74AB0}.Debug|Any CPU.Build.0 = Debug|Any CPU
		{C348B383-8FB7-4D7D-87E5-77523FF74AB0}.Release|Any CPU.ActiveCfg = Release|Any CPU
		{C348B383-8FB7-4D7D-87E5-77523FF74AB0}.Release|Any CPU.Build.0 = Release|Any CPU
		{03B50813-6625-4620-B3CB-39D4D91D1349}.Debug|Any CPU.ActiveCfg = Debug|Any CPU
		{03B50813-6625-4620-B3CB-39D4D91D1349}.Debug|Any CPU.Build.0 = Debug|Any CPU
		{03B50813-6625-4620-B3CB-39D4D91D1349}.Release|Any CPU.ActiveCfg = Release|Any CPU
		{03B50813-6625-4620-B3CB-39D4D91D1349}.Release|Any CPU.Build.0 = Release|Any CPU
		{3C864203-5758-4E39-AFE3-DB7A33F3633C}.Debug|Any CPU.ActiveCfg = Debug|Any CPU
		{3C864203-5758-4E39-AFE3-DB7A33F3633C}.Debug|Any CPU.Build.0 = Debug|Any CPU
		{3C864203-5758-4E39-AFE3-DB7A33F3633C}.Release|Any CPU.ActiveCfg = Release|Any CPU
		{3C864203-5758-4E39-AFE3-DB7A33F3633C}.Release|Any CPU.Build.0 = Release|Any CPU
		{365D84AE-2945-4F21-87F3-FCCB83D32217}.Debug|Any CPU.ActiveCfg = Debug|Any CPU
		{365D84AE-2945-4F21-87F3-FCCB83D32217}.Debug|Any CPU.Build.0 = Debug|Any CPU
		{365D84AE-2945-4F21-87F3-FCCB83D32217}.Release|Any CPU.ActiveCfg = Release|Any CPU
		{365D84AE-2945-4F21-87F3-FCCB83D32217}.Release|Any CPU.Build.0 = Release|Any CPU
		{207E6386-E989-4AEA-B1E7-38983BCE376D}.Debug|Any CPU.ActiveCfg = Debug|Any CPU
		{207E6386-E989-4AEA-B1E7-38983BCE376D}.Debug|Any CPU.Build.0 = Debug|Any CPU
		{207E6386-E989-4AEA-B1E7-38983BCE376D}.Release|Any CPU.ActiveCfg = Release|Any CPU
		{207E6386-E989-4AEA-B1E7-38983BCE376D}.Release|Any CPU.Build.0 = Release|Any CPU
		{B12C7B62-F1C6-402B-8B15-3A238410CDC5}.Debug|Any CPU.ActiveCfg = Debug|Any CPU
		{B12C7B62-F1C6-402B-8B15-3A238410CDC5}.Debug|Any CPU.Build.0 = Debug|Any CPU
		{B12C7B62-F1C6-402B-8B15-3A238410CDC5}.Release|Any CPU.ActiveCfg = Release|Any CPU
		{B12C7B62-F1C6-402B-8B15-3A238410CDC5}.Release|Any CPU.Build.0 = Release|Any CPU
		{5DDF722B-4C3A-4D5D-A732-1D02E633474C}.Debug|Any CPU.ActiveCfg = Debug|Any CPU
		{5DDF722B-4C3A-4D5D-A732-1D02E633474C}.Debug|Any CPU.Build.0 = Debug|Any CPU
		{5DDF722B-4C3A-4D5D-A732-1D02E633474C}.Release|Any CPU.ActiveCfg = Release|Any CPU
		{5DDF722B-4C3A-4D5D-A732-1D02E633474C}.Release|Any CPU.Build.0 = Release|Any CPU
		{8685E7C8-6B1A-4978-BDB3-C188FCB35D18}.Debug|Any CPU.ActiveCfg = Debug|Any CPU
		{8685E7C8-6B1A-4978-BDB3-C188FCB35D18}.Debug|Any CPU.Build.0 = Debug|Any CPU
		{8685E7C8-6B1A-4978-BDB3-C188FCB35D18}.Release|Any CPU.ActiveCfg = Release|Any CPU
		{8685E7C8-6B1A-4978-BDB3-C188FCB35D18}.Release|Any CPU.Build.0 = Release|Any CPU
		{2402AF1B-6C74-4B12-A9B8-E1D98F262857}.Debug|Any CPU.ActiveCfg = Debug|Any CPU
		{2402AF1B-6C74-4B12-A9B8-E1D98F262857}.Debug|Any CPU.Build.0 = Debug|Any CPU
		{2402AF1B-6C74-4B12-A9B8-E1D98F262857}.Release|Any CPU.ActiveCfg = Release|Any CPU
		{2402AF1B-6C74-4B12-A9B8-E1D98F262857}.Release|Any CPU.Build.0 = Release|Any CPU
		{D475C2D9-DE0B-43C0-9E2D-3BAE46DF34BE}.Debug|Any CPU.ActiveCfg = Debug|Any CPU
		{D475C2D9-DE0B-43C0-9E2D-3BAE46DF34BE}.Debug|Any CPU.Build.0 = Debug|Any CPU
		{D475C2D9-DE0B-43C0-9E2D-3BAE46DF34BE}.Release|Any CPU.ActiveCfg = Release|Any CPU
		{D475C2D9-DE0B-43C0-9E2D-3BAE46DF34BE}.Release|Any CPU.Build.0 = Release|Any CPU
		{B0299FB1-3316-4E43-B02B-F1AE1FF17695}.Debug|Any CPU.ActiveCfg = Debug|Any CPU
		{B0299FB1-3316-4E43-B02B-F1AE1FF17695}.Debug|Any CPU.Build.0 = Debug|Any CPU
		{B0299FB1-3316-4E43-B02B-F1AE1FF17695}.Release|Any CPU.ActiveCfg = Release|Any CPU
		{B0299FB1-3316-4E43-B02B-F1AE1FF17695}.Release|Any CPU.Build.0 = Release|Any CPU
		{A2B369F2-B78B-458A-89F6-F17613C7722A}.Debug|Any CPU.ActiveCfg = Debug|Any CPU
		{A2B369F2-B78B-458A-89F6-F17613C7722A}.Debug|Any CPU.Build.0 = Debug|Any CPU
		{A2B369F2-B78B-458A-89F6-F17613C7722A}.Release|Any CPU.ActiveCfg = Release|Any CPU
		{A2B369F2-B78B-458A-89F6-F17613C7722A}.Release|Any CPU.Build.0 = Release|Any CPU
		{A5D7EEA0-682B-4CAD-BFC9-5DDC2121B9E0}.Debug|Any CPU.ActiveCfg = Debug|Any CPU
		{A5D7EEA0-682B-4CAD-BFC9-5DDC2121B9E0}.Debug|Any CPU.Build.0 = Debug|Any CPU
		{A5D7EEA0-682B-4CAD-BFC9-5DDC2121B9E0}.Release|Any CPU.ActiveCfg = Release|Any CPU
		{A5D7EEA0-682B-4CAD-BFC9-5DDC2121B9E0}.Release|Any CPU.Build.0 = Release|Any CPU
		{696ECB75-06EF-4C96-B17F-BA4A8CB152D6}.Debug|Any CPU.ActiveCfg = Debug|Any CPU
		{696ECB75-06EF-4C96-B17F-BA4A8CB152D6}.Debug|Any CPU.Build.0 = Debug|Any CPU
		{696ECB75-06EF-4C96-B17F-BA4A8CB152D6}.Release|Any CPU.ActiveCfg = Release|Any CPU
		{696ECB75-06EF-4C96-B17F-BA4A8CB152D6}.Release|Any CPU.Build.0 = Release|Any CPU
	EndGlobalSection
	GlobalSection(SolutionProperties) = preSolution
		HideSolutionNode = FALSE
	EndGlobalSection
EndGlobal
